
Microsoft Visual Studio Solution File, Format Version 12.00
# Visual Studio Version 17
VisualStudioVersion = 17.1.32328.378
MinimumVisualStudioVersion = 10.0.40219.1
Project("{2150E333-8FDC-42A3-9474-1A3956D46DE8}") = "Buisness", "Buisness", "{DED6E3A5-08DC-46D1-9502-7937D4A0F912}"
EndProject
Project("{2150E333-8FDC-42A3-9474-1A3956D46DE8}") = "Core", "Core", "{780F4396-5BBF-45D6-B03E-E035596DB996}"
EndProject
Project("{2150E333-8FDC-42A3-9474-1A3956D46DE8}") = "Data", "Data", "{D51B85B8-5014-4B77-86EF-2ADF412C7FC6}"
EndProject
Project("{2150E333-8FDC-42A3-9474-1A3956D46DE8}") = "Presentation", "Presentation", "{4D225B0D-6A79-4D24-8C94-3F5557522047}"
EndProject
Project("{9A19103F-16F7-4668-BE54-9A1E7A4F7556}") = "Mada.Buisness", "Mada.Buisness\Mada.Buisness.csproj", "{5F530085-2732-4EE8-8E98-BF6A703A627D}"
	ProjectSection(ProjectDependencies) = postProject
		{12D39904-752B-46FE-A88B-5463F423F3E9} = {12D39904-752B-46FE-A88B-5463F423F3E9}
		{2AA0650D-D0A0-4003-9346-B15ADA388628} = {2AA0650D-D0A0-4003-9346-B15ADA388628}
	EndProjectSection
EndProject
Project("{9A19103F-16F7-4668-BE54-9A1E7A4F7556}") = "Mada.Core", "Mada.Core\Mada.Core.csproj", "{12D39904-752B-46FE-A88B-5463F423F3E9}"
EndProject
Project("{9A19103F-16F7-4668-BE54-9A1E7A4F7556}") = "Mada.Data", "Mada.Data\Mada.Data.csproj", "{F79A286B-3F70-47F5-9496-7B81C93E3878}"
EndProject
Project("{9A19103F-16F7-4668-BE54-9A1E7A4F7556}") = "Mada.Providers.Sql", "Mada.Providers.Sql\Mada.Providers.Sql.csproj", "{F4422134-637E-41D2-BBB6-A987C3F4521F}"
EndProject
Project("{00D1A9C2-B5F0-4AF3-8072-F6C62B433612}") = "MadaDb", "MadaDb\MadaDb.sqlproj", "{D10DF6D4-F04F-4A5B-9A86-E8BC0A75F5C8}"
EndProject
Project("{9A19103F-16F7-4668-BE54-9A1E7A4F7556}") = "Mada.Presentation.API", "Mada.Presentation.API\Mada.Presentation.API.csproj", "{2AA0650D-D0A0-4003-9346-B15ADA388628}"
EndProject
Global
	GlobalSection(SolutionConfigurationPlatforms) = preSolution
		Debug|Any CPU = Debug|Any CPU
		Release|Any CPU = Release|Any CPU
	EndGlobalSection
	GlobalSection(ProjectConfigurationPlatforms) = postSolution
		{5F530085-2732-4EE8-8E98-BF6A703A627D}.Debug|Any CPU.ActiveCfg = Debug|Any CPU
		{5F530085-2732-4EE8-8E98-BF6A703A627D}.Debug|Any CPU.Build.0 = Debug|Any CPU
		{5F530085-2732-4EE8-8E98-BF6A703A627D}.Release|Any CPU.ActiveCfg = Release|Any CPU
		{5F530085-2732-4EE8-8E98-BF6A703A627D}.Release|Any CPU.Build.0 = Release|Any CPU
		{12D39904-752B-46FE-A88B-5463F423F3E9}.Debug|Any CPU.ActiveCfg = Debug|Any CPU
		{12D39904-752B-46FE-A88B-5463F423F3E9}.Debug|Any CPU.Build.0 = Debug|Any CPU
		{12D39904-752B-46FE-A88B-5463F423F3E9}.Release|Any CPU.ActiveCfg = Release|Any CPU
		{12D39904-752B-46FE-A88B-5463F423F3E9}.Release|Any CPU.Build.0 = Release|Any CPU
		{F79A286B-3F70-47F5-9496-7B81C93E3878}.Debug|Any CPU.ActiveCfg = Debug|Any CPU
		{F79A286B-3F70-47F5-9496-7B81C93E3878}.Debug|Any CPU.Build.0 = Debug|Any CPU
		{F79A286B-3F70-47F5-9496-7B81C93E3878}.Release|Any CPU.ActiveCfg = Release|Any CPU
		{F79A286B-3F70-47F5-9496-7B81C93E3878}.Release|Any CPU.Build.0 = Release|Any CPU
		{F4422134-637E-41D2-BBB6-A987C3F4521F}.Debug|Any CPU.ActiveCfg = Debug|Any CPU
		{F4422134-637E-41D2-BBB6-A987C3F4521F}.Debug|Any CPU.Build.0 = Debug|Any CPU
		{F4422134-637E-41D2-BBB6-A987C3F4521F}.Release|Any CPU.ActiveCfg = Release|Any CPU
		{F4422134-637E-41D2-BBB6-A987C3F4521F}.Release|Any CPU.Build.0 = Release|Any CPU
		{D10DF6D4-F04F-4A5B-9A86-E8BC0A75F5C8}.Debug|Any CPU.ActiveCfg = Debug|Any CPU
		{D10DF6D4-F04F-4A5B-9A86-E8BC0A75F5C8}.Debug|Any CPU.Build.0 = Debug|Any CPU
		{D10DF6D4-F04F-4A5B-9A86-E8BC0A75F5C8}.Debug|Any CPU.Deploy.0 = Debug|Any CPU
		{D10DF6D4-F04F-4A5B-9A86-E8BC0A75F5C8}.Release|Any CPU.ActiveCfg = Release|Any CPU
		{D10DF6D4-F04F-4A5B-9A86-E8BC0A75F5C8}.Release|Any CPU.Build.0 = Release|Any CPU
		{D10DF6D4-F04F-4A5B-9A86-E8BC0A75F5C8}.Release|Any CPU.Deploy.0 = Release|Any CPU
		{2AA0650D-D0A0-4003-9346-B15ADA388628}.Debug|Any CPU.ActiveCfg = Debug|Any CPU
		{2AA0650D-D0A0-4003-9346-B15ADA388628}.Debug|Any CPU.Build.0 = Debug|Any CPU
		{2AA0650D-D0A0-4003-9346-B15ADA388628}.Release|Any CPU.ActiveCfg = Release|Any CPU
		{2AA0650D-D0A0-4003-9346-B15ADA388628}.Release|Any CPU.Build.0 = Release|Any CPU
	EndGlobalSection
	GlobalSection(SolutionProperties) = preSolution
		HideSolutionNode = FALSE
	EndGlobalSection
	GlobalSection(NestedProjects) = preSolution
		{5F530085-2732-4EE8-8E98-BF6A703A627D} = {DED6E3A5-08DC-46D1-9502-7937D4A0F912}
		{12D39904-752B-46FE-A88B-5463F423F3E9} = {780F4396-5BBF-45D6-B03E-E035596DB996}
		{F79A286B-3F70-47F5-9496-7B81C93E3878} = {D51B85B8-5014-4B77-86EF-2ADF412C7FC6}
		{F4422134-637E-41D2-BBB6-A987C3F4521F} = {D51B85B8-5014-4B77-86EF-2ADF412C7FC6}
		{D10DF6D4-F04F-4A5B-9A86-E8BC0A75F5C8} = {D51B85B8-5014-4B77-86EF-2ADF412C7FC6}
		{2AA0650D-D0A0-4003-9346-B15ADA388628} = {4D225B0D-6A79-4D24-8C94-3F5557522047}
	EndGlobalSection
	GlobalSection(ExtensibilityGlobals) = postSolution
		SolutionGuid = {642EDC2A-AA17-47E1-A9DB-7944F658DAA4}
	EndGlobalSection
EndGlobal
